{
    "version": 3,
    "terraform_version": "0.11.11",
    "serial": 5,
    "lineage": "bb60d89a-3af1-d013-ecab-807e1d0f8c2b",
    "modules": [
        {
            "path": [
                "root"
            ],
            "outputs": {},
            "resources": {
                "aci_application_epg.epg1": {
                    "type": "aci_application_epg",
                    "depends_on": [
                        "aci_application_profile.app1",
                        "aci_bridge_domain.bd1",
                        "aci_contract.contract_epg1_epg2"
                    ],
                    "primary": {
                        "id": "uni/tn-terraform_ten/ap-app1/epg-epg1",
                        "attributes": {
                            "application_profile_dn": "uni/tn-terraform_ten/ap-app1",
                            "description": "",
                            "flood_on_encap": "disabled",
                            "fwd_ctrl": "",
                            "id": "uni/tn-terraform_ten/ap-app1/epg-epg1",
                            "is_attr_based_e_pg": "no",
                            "match_t": "AtleastOne",
                            "name": "epg1",
                            "name_alias": "",
                            "pc_enf_pref": "unenforced",
                            "pref_gr_memb": "exclude",
                            "prio": "unspecified",
                            "relation_fv_rs_bd": "bd1",
                            "relation_fv_rs_cons.#": "1",
                            "relation_fv_rs_cons.763657905": "Web",
                            "relation_fv_rs_dom_att.#": "1",
                            "relation_fv_rs_dom_att.575486216": "uni/vmmp-VMware/dom-ACI-nv-POD03-VDS01"
                        },
                        "meta": {
                            "schema_version": "1"
                        },
                        "tainted": false
                    },
                    "deposed": [],
                    "provider": "provider.aci"
                },
                "aci_application_epg.epg2": {
                    "type": "aci_application_epg",
                    "depends_on": [
                        "aci_application_profile.app1",
                        "aci_bridge_domain.bd1",
                        "aci_contract.contract_epg1_epg2"
                    ],
                    "primary": {
                        "id": "uni/tn-terraform_ten/ap-app1/epg-epg2",
                        "attributes": {
                            "application_profile_dn": "uni/tn-terraform_ten/ap-app1",
                            "description": "",
                            "flood_on_encap": "disabled",
                            "fwd_ctrl": "",
                            "id": "uni/tn-terraform_ten/ap-app1/epg-epg2",
                            "is_attr_based_e_pg": "no",
                            "match_t": "AtleastOne",
                            "name": "epg2",
                            "name_alias": "",
                            "pc_enf_pref": "unenforced",
                            "pref_gr_memb": "exclude",
                            "prio": "unspecified",
                            "relation_fv_rs_bd": "bd1",
                            "relation_fv_rs_dom_att.#": "1",
                            "relation_fv_rs_dom_att.575486216": "uni/vmmp-VMware/dom-ACI-nv-POD03-VDS01",
                            "relation_fv_rs_prov.#": "1",
                            "relation_fv_rs_prov.763657905": "Web"
                        },
                        "meta": {
                            "schema_version": "1"
                        },
                        "tainted": false
                    },
                    "deposed": [],
                    "provider": "provider.aci"
                },
                "aci_application_profile.app1": {
                    "type": "aci_application_profile",
                    "depends_on": [
                        "aci_tenant.terraform_ten"
                    ],
                    "primary": {
                        "id": "uni/tn-terraform_ten/ap-app1",
                        "attributes": {
                            "description": "",
                            "id": "uni/tn-terraform_ten/ap-app1",
                            "name": "app1",
                            "name_alias": "",
                            "prio": "unspecified",
                            "tenant_dn": "uni/tn-terraform_ten"
                        },
                        "meta": {
                            "schema_version": "1"
                        },
                        "tainted": false
                    },
                    "deposed": [],
                    "provider": "provider.aci"
                },
                "aci_bridge_domain.bd1": {
                    "type": "aci_bridge_domain",
                    "depends_on": [
                        "aci_tenant.terraform_ten",
                        "aci_vrf.vrf1"
                    ],
                    "primary": {
                        "id": "uni/tn-terraform_ten/BD-bd1",
                        "attributes": {
                            "arp_flood": "no",
                            "description": "",
                            "ep_clear": "no",
                            "ep_move_detect_mode": "",
                            "id": "uni/tn-terraform_ten/BD-bd1",
                            "intersite_bum_traffic_allow": "no",
                            "intersite_l2_stretch": "no",
                            "ip_learning": "yes",
                            "limit_ip_learn_to_subnets": "yes",
                            "ll_addr": "::",
                            "mac": "00:22:BD:F8:19:FF",
                            "mcast_allow": "no",
                            "multi_dst_pkt_act": "bd-flood",
                            "name": "bd1",
                            "name_alias": "",
                            "optimize_wan_bandwidth": "no",
                            "relation_fv_rs_ctx": "vrf1",
                            "tenant_dn": "uni/tn-terraform_ten",
                            "type": "regular",
                            "unicast_route": "yes",
                            "unk_mac_ucast_act": "proxy",
                            "unk_mcast_act": "flood",
                            "vmac": "not-applicable"
                        },
                        "meta": {
                            "schema_version": "1"
                        },
                        "tainted": false
                    },
                    "deposed": [],
                    "provider": "provider.aci"
                },
                "aci_contract.contract_epg1_epg2": {
                    "type": "aci_contract",
                    "depends_on": [
                        "aci_tenant.terraform_ten"
                    ],
                    "primary": {
                        "id": "uni/tn-terraform_ten/brc-Web",
                        "attributes": {
                            "description": "",
                            "id": "uni/tn-terraform_ten/brc-Web",
                            "name": "Web",
                            "name_alias": "",
                            "prio": "unspecified",
                            "scope": "context",
                            "target_dscp": "unspecified",
                            "tenant_dn": "uni/tn-terraform_ten"
                        },
                        "meta": {
                            "schema_version": "1"
                        },
                        "tainted": false
                    },
                    "deposed": [],
                    "provider": "provider.aci"
                },
                "aci_contract_subject.Web_subject1": {
                    "type": "aci_contract_subject",
                    "depends_on": [
                        "aci_contract.contract_epg1_epg2",
                        "aci_filter.allow_https"
                    ],
                    "primary": {
                        "id": "uni/tn-terraform_ten/brc-Web/subj-Subject",
                        "attributes": {
                            "cons_match_t": "AtleastOne",
                            "contract_dn": "uni/tn-terraform_ten/brc-Web",
                            "description": "",
                            "id": "uni/tn-terraform_ten/brc-Web/subj-Subject",
                            "name": "Subject",
                            "name_alias": "",
                            "prio": "unspecified",
                            "prov_match_t": "AtleastOne",
                            "relation_vz_rs_subj_filt_att.#": "1",
                            "relation_vz_rs_subj_filt_att.2925075057": "allow_https",
                            "rev_flt_ports": "yes",
                            "target_dscp": "unspecified"
                        },
                        "meta": {
                            "schema_version": "1"
                        },
                        "tainted": false
                    },
                    "deposed": [],
                    "provider": "provider.aci"
                },
                "aci_filter.allow_https": {
                    "type": "aci_filter",
                    "depends_on": [
                        "aci_tenant.terraform_ten"
                    ],
                    "primary": {
                        "id": "uni/tn-terraform_ten/flt-allow_https",
                        "attributes": {
                            "description": "",
                            "id": "uni/tn-terraform_ten/flt-allow_https",
                            "name": "allow_https",
                            "name_alias": "",
                            "tenant_dn": "uni/tn-terraform_ten"
                        },
                        "meta": {
                            "schema_version": "1"
                        },
                        "tainted": false
                    },
                    "deposed": [],
                    "provider": "provider.aci"
                },
                "aci_filter_entry.https": {
                    "type": "aci_filter_entry",
                    "depends_on": [
                        "aci_filter.allow_https"
                    ],
                    "primary": {
                        "id": "uni/tn-terraform_ten/flt-allow_https/e-https",
                        "attributes": {
                            "apply_to_frag": "no",
                            "arp_opc": "unspecified",
                            "d_from_port": "https",
                            "d_to_port": "https",
                            "description": "",
                            "ether_t": "ip",
                            "filter_dn": "uni/tn-terraform_ten/flt-allow_https",
                            "icmpv4_t": "unspecified",
                            "icmpv6_t": "unspecified",
                            "id": "uni/tn-terraform_ten/flt-allow_https/e-https",
                            "match_dscp": "unspecified",
                            "name": "https",
                            "name_alias": "",
                            "prot": "tcp",
                            "s_from_port": "unspecified",
                            "s_to_port": "unspecified",
                            "stateful": "yes",
                            "tcp_rules": ""
                        },
                        "meta": {
                            "schema_version": "1"
                        },
                        "tainted": false
                    },
                    "deposed": [],
                    "provider": "provider.aci"
                },
                "aci_subnet.bd1_subnet": {
                    "type": "aci_subnet",
                    "depends_on": [
                        "aci_bridge_domain.bd1"
                    ],
                    "primary": {
                        "id": "uni/tn-terraform_ten/BD-bd1/subnet-[1.1.1.1/24]",
                        "attributes": {
                            "bridge_domain_dn": "uni/tn-terraform_ten/BD-bd1",
                            "ctrl": "nd",
                            "description": "",
                            "id": "uni/tn-terraform_ten/BD-bd1/subnet-[1.1.1.1/24]",
                            "ip": "1.1.1.1/24",
                            "name": "Subnet",
                            "name_alias": "",
                            "preferred": "no",
                            "scope": "private",
                            "virtual": "no"
                        },
                        "meta": {
                            "schema_version": "1"
                        },
                        "tainted": false
                    },
                    "deposed": [],
                    "provider": "provider.aci"
                },
                "aci_tenant.terraform_ten": {
                    "type": "aci_tenant",
                    "depends_on": [],
                    "primary": {
                        "id": "uni/tn-terraform_ten",
                        "attributes": {
                            "description": "",
                            "id": "uni/tn-terraform_ten",
                            "name": "terraform_ten",
                            "name_alias": ""
                        },
                        "meta": {
                            "schema_version": "1"
                        },
                        "tainted": false
                    },
                    "deposed": [],
                    "provider": "provider.aci"
                },
                "aci_vrf.vrf1": {
                    "type": "aci_vrf",
                    "depends_on": [
                        "aci_tenant.terraform_ten"
                    ],
                    "primary": {
                        "id": "uni/tn-terraform_ten/ctx-vrf1",
                        "attributes": {
                            "annotation": "",
                            "bd_enforced_enable": "no",
                            "description": "",
                            "id": "uni/tn-terraform_ten/ctx-vrf1",
                            "ip_data_plane_learning": "enabled",
                            "knw_mcast_act": "permit",
                            "name": "vrf1",
                            "name_alias": "",
                            "pc_enf_dir": "ingress",
                            "pc_enf_pref": "enforced",
                            "tenant_dn": "uni/tn-terraform_ten"
                        },
                        "meta": {
                            "schema_version": "1"
                        },
                        "tainted": false
                    },
                    "deposed": [],
                    "provider": "provider.aci"
                },
                "data.vsphere_compute_cluster.cl": {
                    "type": "vsphere_compute_cluster",
                    "depends_on": [
                        "data.vsphere_datacenter.dc"
                    ],
                    "primary": {
                        "id": "domain-c64",
                        "attributes": {
                            "datacenter_id": "datacenter-2",
                            "id": "domain-c64",
                            "name": "pod-03",
                            "resource_pool_id": "resgroup-65"
                        },
                        "meta": {},
                        "tainted": false
                    },
                    "deposed": [],
                    "provider": "provider.vsphere"
                },
                "data.vsphere_datacenter.dc": {
                    "type": "vsphere_datacenter",
                    "depends_on": [],
                    "primary": {
                        "id": "datacenter-2",
                        "attributes": {
                            "id": "datacenter-2",
                            "name": "uktme-01"
                        },
                        "meta": {},
                        "tainted": false
                    },
                    "deposed": [],
                    "provider": "provider.vsphere"
                },
                "data.vsphere_datastore.ds": {
                    "type": "vsphere_datastore",
                    "depends_on": [
                        "data.vsphere_datacenter.dc"
                    ],
                    "primary": {
                        "id": "datastore-11",
                        "attributes": {
                            "datacenter_id": "datacenter-2",
                            "id": "datastore-11",
                            "name": "nvermand_esxi_nfs_datastore"
                        },
                        "meta": {},
                        "tainted": false
                    },
                    "deposed": [],
                    "provider": "provider.vsphere"
                },
                "data.vsphere_network.vm1_net": {
                    "type": "vsphere_network",
                    "depends_on": [
                        "aci_application_epg.epg1",
                        "aci_application_profile.app1",
                        "aci_tenant.terraform_ten",
                        "data.vsphere_datacenter.dc"
                    ],
                    "primary": {
                        "id": "dvportgroup-753",
                        "attributes": {
                            "datacenter_id": "datacenter-2",
                            "id": "dvportgroup-753",
                            "name": "terraform_ten|app1|epg1",
                            "type": "DistributedVirtualPortgroup"
                        },
                        "meta": {},
                        "tainted": false
                    },
                    "deposed": [],
                    "provider": "provider.vsphere"
                },
                "data.vsphere_network.vm2_net": {
                    "type": "vsphere_network",
                    "depends_on": [
                        "aci_application_epg.epg2",
                        "aci_application_profile.app1",
                        "aci_tenant.terraform_ten",
                        "data.vsphere_datacenter.dc"
                    ],
                    "primary": {
                        "id": "dvportgroup-752",
                        "attributes": {
                            "datacenter_id": "datacenter-2",
                            "id": "dvportgroup-752",
                            "name": "terraform_ten|app1|epg2",
                            "type": "DistributedVirtualPortgroup"
                        },
                        "meta": {},
                        "tainted": false
                    },
                    "deposed": [],
                    "provider": "provider.vsphere"
                },
                "data.vsphere_virtual_machine.template": {
                    "type": "vsphere_virtual_machine",
                    "depends_on": [
                        "data.vsphere_datacenter.dc"
                    ],
                    "primary": {
                        "id": "421def91-a3e5-da81-b0f7-a5d6d9e7b8dd",
                        "attributes": {
                            "alternate_guest_name": "",
                            "datacenter_id": "datacenter-2",
                            "disks.#": "1",
                            "disks.0.eagerly_scrub": "false",
                            "disks.0.size": "39",
                            "disks.0.thin_provisioned": "true",
                            "firmware": "bios",
                            "guest_id": "centos64Guest",
                            "id": "421def91-a3e5-da81-b0f7-a5d6d9e7b8dd",
                            "name": "packer-centos-7",
                            "network_interface_types.#": "1",
                            "network_interface_types.0": "e1000",
                            "scsi_bus_sharing": "noSharing",
                            "scsi_controller_scan_count": "1",
                            "scsi_type": "lsilogic"
                        },
                        "meta": {},
                        "tainted": false
                    },
                    "deposed": [],
                    "provider": "provider.vsphere"
                },
                "vsphere_virtual_machine.aci_vm1": {
                    "type": "vsphere_virtual_machine",
                    "depends_on": [
                        "data.vsphere_compute_cluster.cl",
                        "data.vsphere_datastore.ds",
                        "data.vsphere_network.vm1_net",
                        "data.vsphere_virtual_machine.template"
                    ],
                    "primary": {
                        "id": "421d6ca0-dede-d569-5a49-e81e26a3048f",
                        "attributes": {
                            "alternate_guest_name": "",
                            "annotation": "",
                            "boot_delay": "0",
                            "boot_retry_delay": "10000",
                            "boot_retry_enabled": "false",
                            "cdrom.#": "0",
                            "change_version": "2018-12-17T20:23:28.545578Z",
                            "clone.#": "1",
                            "clone.0.customize.#": "1",
                            "clone.0.customize.0.dns_server_list.#": "2",
                            "clone.0.customize.0.dns_server_list.0": "10.52.248.72",
                            "clone.0.customize.0.dns_server_list.1": "10.52.248.73",
                            "clone.0.customize.0.dns_suffix_list.#": "1",
                            "clone.0.customize.0.dns_suffix_list.0": "uktme.cisco.com",
                            "clone.0.customize.0.ipv4_gateway": "1.1.1.1",
                            "clone.0.customize.0.ipv6_gateway": "",
                            "clone.0.customize.0.linux_options.#": "1",
                            "clone.0.customize.0.linux_options.0.domain": "uktme.cisco.com",
                            "clone.0.customize.0.linux_options.0.host_name": "aci-tf-test1",
                            "clone.0.customize.0.linux_options.0.hw_clock_utc": "true",
                            "clone.0.customize.0.linux_options.0.time_zone": "",
                            "clone.0.customize.0.network_interface.#": "1",
                            "clone.0.customize.0.network_interface.0.dns_domain": "",
                            "clone.0.customize.0.network_interface.0.dns_server_list.#": "0",
                            "clone.0.customize.0.network_interface.0.ipv4_address": "1.1.1.10",
                            "clone.0.customize.0.network_interface.0.ipv4_netmask": "24",
                            "clone.0.customize.0.network_interface.0.ipv6_address": "",
                            "clone.0.customize.0.network_interface.0.ipv6_netmask": "0",
                            "clone.0.customize.0.timeout": "10",
                            "clone.0.customize.0.windows_options.#": "0",
                            "clone.0.customize.0.windows_sysprep_text": "",
                            "clone.0.linked_clone": "true",
                            "clone.0.template_uuid": "421def91-a3e5-da81-b0f7-a5d6d9e7b8dd",
                            "clone.0.timeout": "30",
                            "cpu_hot_add_enabled": "false",
                            "cpu_hot_remove_enabled": "false",
                            "cpu_limit": "-1",
                            "cpu_performance_counters_enabled": "false",
                            "cpu_reservation": "0",
                            "cpu_share_count": "8000",
                            "cpu_share_level": "normal",
                            "custom_attributes.%": "0",
                            "datastore_id": "datastore-11",
                            "default_ip_address": "1.1.1.10",
                            "disk.#": "2",
                            "disk.0.attach": "false",
                            "disk.0.datastore_id": "datastore-11",
                            "disk.0.device_address": "scsi:0:0",
                            "disk.0.disk_mode": "persistent",
                            "disk.0.disk_sharing": "sharingNone",
                            "disk.0.eagerly_scrub": "false",
                            "disk.0.io_limit": "-1",
                            "disk.0.io_reservation": "0",
                            "disk.0.io_share_count": "1000",
                            "disk.0.io_share_level": "normal",
                            "disk.0.keep_on_remove": "false",
                            "disk.0.key": "2000",
                            "disk.0.label": "disk0",
                            "disk.0.name": "",
                            "disk.0.path": "aci-tf-test1/aci-tf-test1.vmdk",
                            "disk.0.size": "39",
                            "disk.0.thin_provisioned": "true",
                            "disk.0.unit_number": "0",
                            "disk.0.uuid": "6000C296-f4f0-c2e5-4fa2-82f2e380f532",
                            "disk.0.write_through": "false",
                            "disk.1.attach": "false",
                            "disk.1.datastore_id": "datastore-11",
                            "disk.1.device_address": "scsi:0:1",
                            "disk.1.disk_mode": "persistent",
                            "disk.1.disk_sharing": "sharingNone",
                            "disk.1.eagerly_scrub": "false",
                            "disk.1.io_limit": "-1",
                            "disk.1.io_reservation": "0",
                            "disk.1.io_share_count": "1000",
                            "disk.1.io_share_level": "normal",
                            "disk.1.keep_on_remove": "false",
                            "disk.1.key": "2001",
                            "disk.1.label": "disk1",
                            "disk.1.name": "",
                            "disk.1.path": "aci-tf-test1/aci-tf-test1_1.vmdk",
                            "disk.1.size": "40",
                            "disk.1.thin_provisioned": "true",
                            "disk.1.unit_number": "1",
                            "disk.1.uuid": "6000C298-a8d0-5b26-b4d5-a99ce1e9a4eb",
                            "disk.1.write_through": "false",
                            "efi_secure_boot_enabled": "false",
                            "enable_disk_uuid": "false",
                            "enable_logging": "false",
                            "ept_rvi_mode": "automatic",
                            "extra_config.%": "0",
                            "firmware": "bios",
                            "folder": "ACI/demos",
                            "force_power_off": "true",
                            "guest_id": "centos64Guest",
                            "guest_ip_addresses.#": "2",
                            "guest_ip_addresses.0": "1.1.1.10",
                            "guest_ip_addresses.1": "fe80::250:56ff:fe9d:8bbc",
                            "host_system_id": "host-67",
                            "hv_mode": "hvAuto",
                            "id": "421d6ca0-dede-d569-5a49-e81e26a3048f",
                            "latency_sensitivity": "normal",
                            "memory": "24576",
                            "memory_hot_add_enabled": "false",
                            "memory_limit": "-1",
                            "memory_reservation": "0",
                            "memory_share_count": "245760",
                            "memory_share_level": "normal",
                            "migrate_wait_timeout": "30",
                            "moid": "vm-754",
                            "name": "aci-tf-test1",
                            "nested_hv_enabled": "false",
                            "network_interface.#": "1",
                            "network_interface.0.adapter_type": "e1000",
                            "network_interface.0.bandwidth_limit": "-1",
                            "network_interface.0.bandwidth_reservation": "0",
                            "network_interface.0.bandwidth_share_count": "50",
                            "network_interface.0.bandwidth_share_level": "normal",
                            "network_interface.0.device_address": "pci:0:7",
                            "network_interface.0.key": "4000",
                            "network_interface.0.mac_address": "00:50:56:9d:8b:bc",
                            "network_interface.0.network_id": "dvportgroup-753",
                            "network_interface.0.use_static_mac": "false",
                            "num_cores_per_socket": "1",
                            "num_cpus": "8",
                            "reboot_required": "false",
                            "resource_pool_id": "resgroup-65",
                            "run_tools_scripts_after_power_on": "true",
                            "run_tools_scripts_after_resume": "true",
                            "run_tools_scripts_before_guest_reboot": "false",
                            "run_tools_scripts_before_guest_shutdown": "true",
                            "run_tools_scripts_before_guest_standby": "true",
                            "scsi_bus_sharing": "noSharing",
                            "scsi_controller_count": "1",
                            "scsi_type": "lsilogic",
                            "shutdown_wait_timeout": "3",
                            "swap_placement_policy": "inherit",
                            "sync_time_with_host": "false",
                            "tags.#": "0",
                            "uuid": "421d6ca0-dede-d569-5a49-e81e26a3048f",
                            "vapp_transport.#": "0",
                            "vmware_tools_status": "guestToolsRunning",
                            "vmx_path": "aci-tf-test1/aci-tf-test1.vmx",
                            "wait_for_guest_net_routable": "true",
                            "wait_for_guest_net_timeout": "5"
                        },
                        "meta": {
                            "schema_version": "3"
                        },
                        "tainted": false
                    },
                    "deposed": [],
                    "provider": "provider.vsphere"
                },
                "vsphere_virtual_machine.aci_vm2": {
                    "type": "vsphere_virtual_machine",
                    "depends_on": [
                        "data.vsphere_compute_cluster.cl",
                        "data.vsphere_datastore.ds",
                        "data.vsphere_network.vm2_net",
                        "data.vsphere_virtual_machine.template"
                    ],
                    "primary": {
                        "id": "421d1d85-b1f7-65b7-8997-6f2722d57a47",
                        "attributes": {
                            "alternate_guest_name": "",
                            "annotation": "",
                            "boot_delay": "0",
                            "boot_retry_delay": "10000",
                            "boot_retry_enabled": "false",
                            "cdrom.#": "0",
                            "change_version": "2018-12-17T20:23:28.545645Z",
                            "clone.#": "1",
                            "clone.0.customize.#": "1",
                            "clone.0.customize.0.dns_server_list.#": "2",
                            "clone.0.customize.0.dns_server_list.0": "10.52.248.72",
                            "clone.0.customize.0.dns_server_list.1": "10.52.248.73",
                            "clone.0.customize.0.dns_suffix_list.#": "1",
                            "clone.0.customize.0.dns_suffix_list.0": "uktme.cisco.com",
                            "clone.0.customize.0.ipv4_gateway": "1.1.1.1",
                            "clone.0.customize.0.ipv6_gateway": "",
                            "clone.0.customize.0.linux_options.#": "1",
                            "clone.0.customize.0.linux_options.0.domain": "uktme.cisco.com",
                            "clone.0.customize.0.linux_options.0.host_name": "aci-tf-test2",
                            "clone.0.customize.0.linux_options.0.hw_clock_utc": "true",
                            "clone.0.customize.0.linux_options.0.time_zone": "",
                            "clone.0.customize.0.network_interface.#": "1",
                            "clone.0.customize.0.network_interface.0.dns_domain": "",
                            "clone.0.customize.0.network_interface.0.dns_server_list.#": "0",
                            "clone.0.customize.0.network_interface.0.ipv4_address": "1.1.1.11",
                            "clone.0.customize.0.network_interface.0.ipv4_netmask": "24",
                            "clone.0.customize.0.network_interface.0.ipv6_address": "",
                            "clone.0.customize.0.network_interface.0.ipv6_netmask": "0",
                            "clone.0.customize.0.timeout": "10",
                            "clone.0.customize.0.windows_options.#": "0",
                            "clone.0.customize.0.windows_sysprep_text": "",
                            "clone.0.linked_clone": "true",
                            "clone.0.template_uuid": "421def91-a3e5-da81-b0f7-a5d6d9e7b8dd",
                            "clone.0.timeout": "30",
                            "cpu_hot_add_enabled": "false",
                            "cpu_hot_remove_enabled": "false",
                            "cpu_limit": "-1",
                            "cpu_performance_counters_enabled": "false",
                            "cpu_reservation": "0",
                            "cpu_share_count": "8000",
                            "cpu_share_level": "normal",
                            "custom_attributes.%": "0",
                            "datastore_id": "datastore-11",
                            "default_ip_address": "1.1.1.11",
                            "disk.#": "2",
                            "disk.0.attach": "false",
                            "disk.0.datastore_id": "datastore-11",
                            "disk.0.device_address": "scsi:0:0",
                            "disk.0.disk_mode": "persistent",
                            "disk.0.disk_sharing": "sharingNone",
                            "disk.0.eagerly_scrub": "false",
                            "disk.0.io_limit": "-1",
                            "disk.0.io_reservation": "0",
                            "disk.0.io_share_count": "1000",
                            "disk.0.io_share_level": "normal",
                            "disk.0.keep_on_remove": "false",
                            "disk.0.key": "2000",
                            "disk.0.label": "disk0",
                            "disk.0.name": "",
                            "disk.0.path": "aci-tf-test2/aci-tf-test2.vmdk",
                            "disk.0.size": "39",
                            "disk.0.thin_provisioned": "true",
                            "disk.0.unit_number": "0",
                            "disk.0.uuid": "6000C296-f4f0-c2e5-4fa2-82f2e380f532",
                            "disk.0.write_through": "false",
                            "disk.1.attach": "false",
                            "disk.1.datastore_id": "datastore-11",
                            "disk.1.device_address": "scsi:0:1",
                            "disk.1.disk_mode": "persistent",
                            "disk.1.disk_sharing": "sharingNone",
                            "disk.1.eagerly_scrub": "false",
                            "disk.1.io_limit": "-1",
                            "disk.1.io_reservation": "0",
                            "disk.1.io_share_count": "1000",
                            "disk.1.io_share_level": "normal",
                            "disk.1.keep_on_remove": "false",
                            "disk.1.key": "2001",
                            "disk.1.label": "disk1",
                            "disk.1.name": "",
                            "disk.1.path": "aci-tf-test2/aci-tf-test2_1.vmdk",
                            "disk.1.size": "40",
                            "disk.1.thin_provisioned": "true",
                            "disk.1.unit_number": "1",
                            "disk.1.uuid": "6000C29c-dc81-774a-9549-51433b84d970",
                            "disk.1.write_through": "false",
                            "efi_secure_boot_enabled": "false",
                            "enable_disk_uuid": "false",
                            "enable_logging": "false",
                            "ept_rvi_mode": "automatic",
                            "extra_config.%": "0",
                            "firmware": "bios",
                            "folder": "ACI/demos",
                            "force_power_off": "true",
                            "guest_id": "centos64Guest",
                            "guest_ip_addresses.#": "2",
                            "guest_ip_addresses.0": "1.1.1.11",
                            "guest_ip_addresses.1": "fe80::250:56ff:fe9d:3b0b",
                            "host_system_id": "host-67",
                            "hv_mode": "hvAuto",
                            "id": "421d1d85-b1f7-65b7-8997-6f2722d57a47",
                            "latency_sensitivity": "normal",
                            "memory": "24576",
                            "memory_hot_add_enabled": "false",
                            "memory_limit": "-1",
                            "memory_reservation": "0",
                            "memory_share_count": "245760",
                            "memory_share_level": "normal",
                            "migrate_wait_timeout": "30",
                            "moid": "vm-755",
                            "name": "aci-tf-test2",
                            "nested_hv_enabled": "false",
                            "network_interface.#": "1",
                            "network_interface.0.adapter_type": "e1000",
                            "network_interface.0.bandwidth_limit": "-1",
                            "network_interface.0.bandwidth_reservation": "0",
                            "network_interface.0.bandwidth_share_count": "50",
                            "network_interface.0.bandwidth_share_level": "normal",
                            "network_interface.0.device_address": "pci:0:7",
                            "network_interface.0.key": "4000",
                            "network_interface.0.mac_address": "00:50:56:9d:3b:0b",
                            "network_interface.0.network_id": "dvportgroup-752",
                            "network_interface.0.use_static_mac": "false",
                            "num_cores_per_socket": "1",
                            "num_cpus": "8",
                            "reboot_required": "false",
                            "resource_pool_id": "resgroup-65",
                            "run_tools_scripts_after_power_on": "true",
                            "run_tools_scripts_after_resume": "true",
                            "run_tools_scripts_before_guest_reboot": "false",
                            "run_tools_scripts_before_guest_shutdown": "true",
                            "run_tools_scripts_before_guest_standby": "true",
                            "scsi_bus_sharing": "noSharing",
                            "scsi_controller_count": "1",
                            "scsi_type": "lsilogic",
                            "shutdown_wait_timeout": "3",
                            "swap_placement_policy": "inherit",
                            "sync_time_with_host": "false",
                            "tags.#": "0",
                            "uuid": "421d1d85-b1f7-65b7-8997-6f2722d57a47",
                            "vapp_transport.#": "0",
                            "vmware_tools_status": "guestToolsRunning",
                            "vmx_path": "aci-tf-test2/aci-tf-test2.vmx",
                            "wait_for_guest_net_routable": "true",
                            "wait_for_guest_net_timeout": "5"
                        },
                        "meta": {
                            "schema_version": "3"
                        },
                        "tainted": false
                    },
                    "deposed": [],
                    "provider": "provider.vsphere"
                }
            },
            "depends_on": []
        }
    ]
}
